
Microsoft Visual Studio Solution File, Format Version 12.00
# Visual Studio Version 16
VisualStudioVersion = 16.0.31112.23
MinimumVisualStudioVersion = 10.0.40219.1
Project("{FAE04EC0-301F-11D3-BF4B-00C04F79EFBC}") = "Deamon", "Deamon\Deamon.csproj", "{17F0CADE-4D68-4A0C-BA80-E4BCF0CD1B40}"
EndProject
Project("{FAE04EC0-301F-11D3-BF4B-00C04F79EFBC}") = "ProccesOne", "ProccesOne\ProccesOne.csproj", "{ECC77B8E-1681-4A6C-8427-7FBAB25DF51D}"
EndProject
Global
	GlobalSection(SolutionConfigurationPlatforms) = preSolution
		Debug|Any CPU = Debug|Any CPU
		Release|Any CPU = Release|Any CPU
	EndGlobalSection
	GlobalSection(ProjectConfigurationPlatforms) = postSolution
		{17F0CADE-4D68-4A0C-BA80-E4BCF0CD1B40}.Debug|Any CPU.ActiveCfg = Debug|Any CPU
		{17F0CADE-4D68-4A0C-BA80-E4BCF0CD1B40}.Debug|Any CPU.Build.0 = Debug|Any CPU
		{17F0CADE-4D68-4A0C-BA80-E4BCF0CD1B40}.Release|Any CPU.ActiveCfg = Release|Any CPU
		{17F0CADE-4D68-4A0C-BA80-E4BCF0CD1B40}.Release|Any CPU.Build.0 = Release|Any CPU
		{ECC77B8E-1681-4A6C-8427-7FBAB25DF51D}.Debug|Any CPU.ActiveCfg = Debug|Any CPU
		{ECC77B8E-1681-4A6C-8427-7FBAB25DF51D}.Debug|Any CPU.Build.0 = Debug|Any CPU
		{ECC77B8E-1681-4A6C-8427-7FBAB25DF51D}.Release|Any CPU.ActiveCfg = Release|Any CPU
		{ECC77B8E-1681-4A6C-8427-7FBAB25DF51D}.Release|Any CPU.Build.0 = Release|Any CPU
	EndGlobalSection
	GlobalSection(SolutionProperties) = preSolution
		HideSolutionNode = FALSE
	EndGlobalSection
	GlobalSection(ExtensibilityGlobals) = postSolution
		SolutionGuid = {D0800284-AC8E-4621-BB0B-D88092E552E6}
	EndGlobalSection
EndGlobal
