
Microsoft Visual Studio Solution File, Format Version 12.00
# Visual Studio Version 16
VisualStudioVersion = 16.0.30413.136
MinimumVisualStudioVersion = 10.0.40219.1
Project("{FAE04EC0-301F-11D3-BF4B-00C04F79EFBC}") = "WorkWithThreadsProc2", "WorkWithThreadsProc2\WorkWithThreadsProc2.csproj", "{447AB2D1-2D55-4C07-872D-650B5CA7B41E}"
EndProject
Global
	GlobalSection(SolutionConfigurationPlatforms) = preSolution
		Debug|Any CPU = Debug|Any CPU
		Release|Any CPU = Release|Any CPU
	EndGlobalSection
	GlobalSection(ProjectConfigurationPlatforms) = postSolution
		{447AB2D1-2D55-4C07-872D-650B5CA7B41E}.Debug|Any CPU.ActiveCfg = Debug|Any CPU
		{447AB2D1-2D55-4C07-872D-650B5CA7B41E}.Debug|Any CPU.Build.0 = Debug|Any CPU
		{447AB2D1-2D55-4C07-872D-650B5CA7B41E}.Release|Any CPU.ActiveCfg = Release|Any CPU
		{447AB2D1-2D55-4C07-872D-650B5CA7B41E}.Release|Any CPU.Build.0 = Release|Any CPU
	EndGlobalSection
	GlobalSection(SolutionProperties) = preSolution
		HideSolutionNode = FALSE
	EndGlobalSection
	GlobalSection(ExtensibilityGlobals) = postSolution
		SolutionGuid = {C2330164-9BDA-4420-9BB6-60EA592541BE}
	EndGlobalSection
EndGlobal
